
Microsoft Visual Studio Solution File, Format Version 12.00
Project("{2150E333-8FDC-42A3-9474-1A3956D46DE8}") = "Theory", "Theory", "{29F32D1C-6FFA-4FEA-9B12-5BD4FBB1BF86}"
	ProjectSection(SolutionItems) = preProject
		Behavioral.md = Behavioral.md
	EndProjectSection
EndProject
Project("{FAE04EC0-301F-11D3-BF4B-00C04F79EFBC}") = "Strategy", "Behavioral\Strategy\Strategy.csproj", "{19D880EC-1180-4C20-B47D-3571AC138AA4}"
EndProject
Project("{2150E333-8FDC-42A3-9474-1A3956D46DE8}") = "Behavioral", "Behavioral", "{AB52EB74-2234-4B81-9812-57280BEEE679}"
EndProject
Project("{FAE04EC0-301F-11D3-BF4B-00C04F79EFBC}") = "TemplateMethod", "Behavioral\TemplateMethod\TemplateMethod.csproj", "{60AA3672-2DFB-44B1-8A13-8394870630A0}"
EndProject
Project("{FAE04EC0-301F-11D3-BF4B-00C04F79EFBC}") = "Mediator", "Behavioral\Mediator\Mediator.csproj", "{24B4DAAC-3158-42EC-A07E-46937EDCAD08}"
EndProject
Project("{FAE04EC0-301F-11D3-BF4B-00C04F79EFBC}") = "Iterator", "Behavioral\Iterator\Iterator.csproj", "{D2170B22-C607-46C8-8E17-56DBE2A474CC}"
EndProject
Project("{FAE04EC0-301F-11D3-BF4B-00C04F79EFBC}") = "Observer", "Behavioral\Observer\Observer.csproj", "{8F12ECC0-B119-43AB-A830-9DE7BA1641E9}"
EndProject
Project("{FAE04EC0-301F-11D3-BF4B-00C04F79EFBC}") = "Visitor", "Behavioral\Visitor\Visitor.csproj", "{FC0585BC-467D-41F1-BAB0-31791656FBFE}"
EndProject
Project("{FAE04EC0-301F-11D3-BF4B-00C04F79EFBC}") = "Command", "Behavioral\Command\Command.csproj", "{1AD853E2-DC57-4197-BACB-889DD431367A}"
EndProject
Project("{FAE04EC0-301F-11D3-BF4B-00C04F79EFBC}") = "State", "Behavioral\State\State.csproj", "{6EB8625D-FE74-4983-B655-E7A9332A95F4}"
EndProject
Project("{FAE04EC0-301F-11D3-BF4B-00C04F79EFBC}") = "ChainOfResponsibility", "Behavioral\ChainOfResponsibility\ChainOfResponsibility.csproj", "{F0DF4EFB-2FE5-4688-B1EE-B9A068CCEE31}"
EndProject
Project("{2150E333-8FDC-42A3-9474-1A3956D46DE8}") = "Creational", "Creational", "{B0303A39-D673-4D0E-BD04-BA12BE4671BA}"
EndProject
Project("{FAE04EC0-301F-11D3-BF4B-00C04F79EFBC}") = "FactoryMethod", "Creational\FactoryMethod\FactoryMethod.csproj", "{E53751A8-AA88-4561-A639-460B6EA2A331}"
EndProject
Project("{FAE04EC0-301F-11D3-BF4B-00C04F79EFBC}") = "AbstractFactory", "Creational\AbstractFactory\AbstractFactory.csproj", "{2CD21798-7956-4A43-B3FE-709E6683AEE4}"
EndProject
Project("{FAE04EC0-301F-11D3-BF4B-00C04F79EFBC}") = "Singleton", "Creational\Singleton\Singleton.csproj", "{72223F8F-5D32-4568-B490-311FF44B4E30}"
EndProject
Project("{FAE04EC0-301F-11D3-BF4B-00C04F79EFBC}") = "Prototype", "Creational\Prototype\Prototype.csproj", "{DE3B28D0-77CA-4BDA-94C7-B13B3D9B0CD0}"
EndProject
Project("{FAE04EC0-301F-11D3-BF4B-00C04F79EFBC}") = "Builder", "Creational\Builder\Builder.csproj", "{F055E241-3009-4133-90CD-09EC9E33784F}"
EndProject
Project("{2150E333-8FDC-42A3-9474-1A3956D46DE8}") = "Solution Items", "Solution Items", "{2625D697-B1A9-40BB-B3DD-AF97EE70213F}"
	ProjectSection(SolutionItems) = preProject
		Directory.Build.props = Directory.Build.props
	EndProjectSection
EndProject
Global
	GlobalSection(SolutionConfigurationPlatforms) = preSolution
		Debug|Any CPU = Debug|Any CPU
		Release|Any CPU = Release|Any CPU
	EndGlobalSection
	GlobalSection(ProjectConfigurationPlatforms) = postSolution
		{19D880EC-1180-4C20-B47D-3571AC138AA4}.Debug|Any CPU.ActiveCfg = Debug|Any CPU
		{19D880EC-1180-4C20-B47D-3571AC138AA4}.Debug|Any CPU.Build.0 = Debug|Any CPU
		{19D880EC-1180-4C20-B47D-3571AC138AA4}.Release|Any CPU.ActiveCfg = Release|Any CPU
		{19D880EC-1180-4C20-B47D-3571AC138AA4}.Release|Any CPU.Build.0 = Release|Any CPU
		{60AA3672-2DFB-44B1-8A13-8394870630A0}.Debug|Any CPU.ActiveCfg = Debug|Any CPU
		{60AA3672-2DFB-44B1-8A13-8394870630A0}.Debug|Any CPU.Build.0 = Debug|Any CPU
		{60AA3672-2DFB-44B1-8A13-8394870630A0}.Release|Any CPU.ActiveCfg = Release|Any CPU
		{60AA3672-2DFB-44B1-8A13-8394870630A0}.Release|Any CPU.Build.0 = Release|Any CPU
		{24B4DAAC-3158-42EC-A07E-46937EDCAD08}.Debug|Any CPU.ActiveCfg = Debug|Any CPU
		{24B4DAAC-3158-42EC-A07E-46937EDCAD08}.Debug|Any CPU.Build.0 = Debug|Any CPU
		{24B4DAAC-3158-42EC-A07E-46937EDCAD08}.Release|Any CPU.ActiveCfg = Release|Any CPU
		{24B4DAAC-3158-42EC-A07E-46937EDCAD08}.Release|Any CPU.Build.0 = Release|Any CPU
		{D2170B22-C607-46C8-8E17-56DBE2A474CC}.Debug|Any CPU.ActiveCfg = Debug|Any CPU
		{D2170B22-C607-46C8-8E17-56DBE2A474CC}.Debug|Any CPU.Build.0 = Debug|Any CPU
		{D2170B22-C607-46C8-8E17-56DBE2A474CC}.Release|Any CPU.ActiveCfg = Release|Any CPU
		{D2170B22-C607-46C8-8E17-56DBE2A474CC}.Release|Any CPU.Build.0 = Release|Any CPU
		{8F12ECC0-B119-43AB-A830-9DE7BA1641E9}.Debug|Any CPU.ActiveCfg = Debug|Any CPU
		{8F12ECC0-B119-43AB-A830-9DE7BA1641E9}.Debug|Any CPU.Build.0 = Debug|Any CPU
		{8F12ECC0-B119-43AB-A830-9DE7BA1641E9}.Release|Any CPU.ActiveCfg = Release|Any CPU
		{8F12ECC0-B119-43AB-A830-9DE7BA1641E9}.Release|Any CPU.Build.0 = Release|Any CPU
		{FC0585BC-467D-41F1-BAB0-31791656FBFE}.Debug|Any CPU.ActiveCfg = Debug|Any CPU
		{FC0585BC-467D-41F1-BAB0-31791656FBFE}.Debug|Any CPU.Build.0 = Debug|Any CPU
		{FC0585BC-467D-41F1-BAB0-31791656FBFE}.Release|Any CPU.ActiveCfg = Release|Any CPU
		{FC0585BC-467D-41F1-BAB0-31791656FBFE}.Release|Any CPU.Build.0 = Release|Any CPU
		{1AD853E2-DC57-4197-BACB-889DD431367A}.Debug|Any CPU.ActiveCfg = Debug|Any CPU
		{1AD853E2-DC57-4197-BACB-889DD431367A}.Debug|Any CPU.Build.0 = Debug|Any CPU
		{1AD853E2-DC57-4197-BACB-889DD431367A}.Release|Any CPU.ActiveCfg = Release|Any CPU
		{1AD853E2-DC57-4197-BACB-889DD431367A}.Release|Any CPU.Build.0 = Release|Any CPU
		{6EB8625D-FE74-4983-B655-E7A9332A95F4}.Debug|Any CPU.ActiveCfg = Debug|Any CPU
		{6EB8625D-FE74-4983-B655-E7A9332A95F4}.Debug|Any CPU.Build.0 = Debug|Any CPU
		{6EB8625D-FE74-4983-B655-E7A9332A95F4}.Release|Any CPU.ActiveCfg = Release|Any CPU
		{6EB8625D-FE74-4983-B655-E7A9332A95F4}.Release|Any CPU.Build.0 = Release|Any CPU
		{F0DF4EFB-2FE5-4688-B1EE-B9A068CCEE31}.Debug|Any CPU.ActiveCfg = Debug|Any CPU
		{F0DF4EFB-2FE5-4688-B1EE-B9A068CCEE31}.Debug|Any CPU.Build.0 = Debug|Any CPU
		{F0DF4EFB-2FE5-4688-B1EE-B9A068CCEE31}.Release|Any CPU.ActiveCfg = Release|Any CPU
		{F0DF4EFB-2FE5-4688-B1EE-B9A068CCEE31}.Release|Any CPU.Build.0 = Release|Any CPU
		{E53751A8-AA88-4561-A639-460B6EA2A331}.Debug|Any CPU.ActiveCfg = Debug|Any CPU
		{E53751A8-AA88-4561-A639-460B6EA2A331}.Debug|Any CPU.Build.0 = Debug|Any CPU
		{E53751A8-AA88-4561-A639-460B6EA2A331}.Release|Any CPU.ActiveCfg = Release|Any CPU
		{E53751A8-AA88-4561-A639-460B6EA2A331}.Release|Any CPU.Build.0 = Release|Any CPU
		{2CD21798-7956-4A43-B3FE-709E6683AEE4}.Debug|Any CPU.ActiveCfg = Debug|Any CPU
		{2CD21798-7956-4A43-B3FE-709E6683AEE4}.Debug|Any CPU.Build.0 = Debug|Any CPU
		{2CD21798-7956-4A43-B3FE-709E6683AEE4}.Release|Any CPU.ActiveCfg = Release|Any CPU
		{2CD21798-7956-4A43-B3FE-709E6683AEE4}.Release|Any CPU.Build.0 = Release|Any CPU
		{72223F8F-5D32-4568-B490-311FF44B4E30}.Debug|Any CPU.ActiveCfg = Debug|Any CPU
		{72223F8F-5D32-4568-B490-311FF44B4E30}.Debug|Any CPU.Build.0 = Debug|Any CPU
		{72223F8F-5D32-4568-B490-311FF44B4E30}.Release|Any CPU.ActiveCfg = Release|Any CPU
		{72223F8F-5D32-4568-B490-311FF44B4E30}.Release|Any CPU.Build.0 = Release|Any CPU
		{DE3B28D0-77CA-4BDA-94C7-B13B3D9B0CD0}.Debug|Any CPU.ActiveCfg = Debug|Any CPU
		{DE3B28D0-77CA-4BDA-94C7-B13B3D9B0CD0}.Debug|Any CPU.Build.0 = Debug|Any CPU
		{DE3B28D0-77CA-4BDA-94C7-B13B3D9B0CD0}.Release|Any CPU.ActiveCfg = Release|Any CPU
		{DE3B28D0-77CA-4BDA-94C7-B13B3D9B0CD0}.Release|Any CPU.Build.0 = Release|Any CPU
		{F055E241-3009-4133-90CD-09EC9E33784F}.Debug|Any CPU.ActiveCfg = Debug|Any CPU
		{F055E241-3009-4133-90CD-09EC9E33784F}.Debug|Any CPU.Build.0 = Debug|Any CPU
		{F055E241-3009-4133-90CD-09EC9E33784F}.Release|Any CPU.ActiveCfg = Release|Any CPU
		{F055E241-3009-4133-90CD-09EC9E33784F}.Release|Any CPU.Build.0 = Release|Any CPU
	EndGlobalSection
	GlobalSection(NestedProjects) = preSolution
		{19D880EC-1180-4C20-B47D-3571AC138AA4} = {AB52EB74-2234-4B81-9812-57280BEEE679}
		{60AA3672-2DFB-44B1-8A13-8394870630A0} = {AB52EB74-2234-4B81-9812-57280BEEE679}
		{24B4DAAC-3158-42EC-A07E-46937EDCAD08} = {AB52EB74-2234-4B81-9812-57280BEEE679}
		{D2170B22-C607-46C8-8E17-56DBE2A474CC} = {AB52EB74-2234-4B81-9812-57280BEEE679}
		{8F12ECC0-B119-43AB-A830-9DE7BA1641E9} = {AB52EB74-2234-4B81-9812-57280BEEE679}
		{FC0585BC-467D-41F1-BAB0-31791656FBFE} = {AB52EB74-2234-4B81-9812-57280BEEE679}
		{1AD853E2-DC57-4197-BACB-889DD431367A} = {AB52EB74-2234-4B81-9812-57280BEEE679}
		{6EB8625D-FE74-4983-B655-E7A9332A95F4} = {AB52EB74-2234-4B81-9812-57280BEEE679}
		{F0DF4EFB-2FE5-4688-B1EE-B9A068CCEE31} = {AB52EB74-2234-4B81-9812-57280BEEE679}
		{E53751A8-AA88-4561-A639-460B6EA2A331} = {B0303A39-D673-4D0E-BD04-BA12BE4671BA}
		{2CD21798-7956-4A43-B3FE-709E6683AEE4} = {B0303A39-D673-4D0E-BD04-BA12BE4671BA}
		{72223F8F-5D32-4568-B490-311FF44B4E30} = {B0303A39-D673-4D0E-BD04-BA12BE4671BA}
		{DE3B28D0-77CA-4BDA-94C7-B13B3D9B0CD0} = {B0303A39-D673-4D0E-BD04-BA12BE4671BA}
		{F055E241-3009-4133-90CD-09EC9E33784F} = {B0303A39-D673-4D0E-BD04-BA12BE4671BA}
	EndGlobalSection
EndGlobal
