
Microsoft Visual Studio Solution File, Format Version 12.00
Project("{FAE04EC0-301F-11D3-BF4B-00C04F79EFBC}") = "BasicQuiz", "BasicQuiz\BasicQuiz.csproj", "{AFA1C117-3389-4E47-A77C-A88F455BCB39}"
EndProject
Global
	GlobalSection(SolutionConfigurationPlatforms) = preSolution
		Debug|Any CPU = Debug|Any CPU
		Release|Any CPU = Release|Any CPU
	EndGlobalSection
	GlobalSection(ProjectConfigurationPlatforms) = postSolution
		{AFA1C117-3389-4E47-A77C-A88F455BCB39}.Debug|Any CPU.ActiveCfg = Debug|Any CPU
		{AFA1C117-3389-4E47-A77C-A88F455BCB39}.Debug|Any CPU.Build.0 = Debug|Any CPU
		{AFA1C117-3389-4E47-A77C-A88F455BCB39}.Release|Any CPU.ActiveCfg = Release|Any CPU
		{AFA1C117-3389-4E47-A77C-A88F455BCB39}.Release|Any CPU.Build.0 = Release|Any CPU
	EndGlobalSection
EndGlobal
