
Microsoft Visual Studio Solution File, Format Version 12.00
Project("{FAE04EC0-301F-11D3-BF4B-00C04F79EFBC}") = "FizzBuzz", "FizzBuzz\FizzBuzz.csproj", "{3A2403CC-6213-4B2F-A397-F5EB61100E5A}"
EndProject
Project("{FAE04EC0-301F-11D3-BF4B-00C04F79EFBC}") = "FizzBuzz.Tests", "FizzBuzz.Tests\FizzBuzz.Tests.csproj", "{BB5C2547-469A-49BD-8E48-C2039ADEF1FA}"
EndProject
Project("{FAE04EC0-301F-11D3-BF4B-00C04F79EFBC}") = "UnitTests", "UnitTests\UnitTests.csproj", "{5390D2AA-F8C4-4A36-AE0A-70090BA424D7}"
EndProject
Project("{2150E333-8FDC-42A3-9474-1A3956D46DE8}") = "Solution Items", "Solution Items", "{258E1596-7411-4D7B-AFD1-D65DEE94B5D9}"
	ProjectSection(SolutionItems) = preProject
		Directory.Build.props = Directory.Build.props
	EndProjectSection
EndProject
Project("{2150E333-8FDC-42A3-9474-1A3956D46DE8}") = "EF", "EF", "{615996A6-EFAD-4673-B4F7-F8322B269DD8}"
	ProjectSection(SolutionItems) = preProject
		EF\Readme.md = EF\Readme.md
	EndProjectSection
EndProject
Project("{FAE04EC0-301F-11D3-BF4B-00C04F79EFBC}") = "Store", "EF\Store\Store.csproj", "{212D1DAE-F04D-4E4E-9395-A37F1BC4D242}"
EndProject
Project("{FAE04EC0-301F-11D3-BF4B-00C04F79EFBC}") = "ConsoleApp", "EF\ConsoleApp\ConsoleApp.csproj", "{0EE3CAA8-12CF-4108-B011-0BE83BD28258}"
EndProject
Project("{2150E333-8FDC-42A3-9474-1A3956D46DE8}") = "FizzBuzz", "FizzBuzz", "{C4DD4DC1-8D7B-42AD-93B2-50B3427994FD}"
EndProject
Project("{FAE04EC0-301F-11D3-BF4B-00C04F79EFBC}") = "ExperimentsConsoleApp", "ExperimentsConsoleApp\ExperimentsConsoleApp.csproj", "{E5ED75EF-DF0D-4736-9CF8-C41BDC358709}"
EndProject
Project("{2150E333-8FDC-42A3-9474-1A3956D46DE8}") = "WebApi", "WebApi", "{F73E19A5-A63E-49B5-B540-133FF56D29DC}"
EndProject
Project("{FAE04EC0-301F-11D3-BF4B-00C04F79EFBC}") = "WebAppSample", "WebAppSample\WebAppSample.csproj", "{BCCEBCF2-0B2C-4F9E-A12E-3D76612A1B84}"
EndProject
Project("{FAE04EC0-301F-11D3-BF4B-00C04F79EFBC}") = "WebAppSample.Console", "WebAppSample.Console\WebAppSample.Console.csproj", "{37ACF1FD-043D-4852-B980-A8023F9A31A9}"
EndProject
Project("{2150E333-8FDC-42A3-9474-1A3956D46DE8}") = "DI", "DI", "{E30C2BF2-787F-4F22-9516-8A1B8F107DAC}"
EndProject
Project("{FAE04EC0-301F-11D3-BF4B-00C04F79EFBC}") = "DependencyInjection", "DI\DependencyInjection\DependencyInjection.csproj", "{FE534761-1EA1-4D87-9E14-8C9428C847ED}"
EndProject
Project("{FAE04EC0-301F-11D3-BF4B-00C04F79EFBC}") = "WebAppSample.Client", "WebAppSample.Client\WebAppSample.Client.csproj", "{4B586E6E-3FB4-419D-8541-0A94A4FF4F30}"
EndProject
Project("{FAE04EC0-301F-11D3-BF4B-00C04F79EFBC}") = "WebAppSample.ContainerTests", "WebAppSample.ContainerTests\WebAppSample.ContainerTests.csproj", "{026DE207-FC60-48EA-9C9C-5D33870CDE8A}"
EndProject
Global
	GlobalSection(SolutionConfigurationPlatforms) = preSolution
		Debug|Any CPU = Debug|Any CPU
		Release|Any CPU = Release|Any CPU
	EndGlobalSection
	GlobalSection(ProjectConfigurationPlatforms) = postSolution
		{3A2403CC-6213-4B2F-A397-F5EB61100E5A}.Debug|Any CPU.ActiveCfg = Debug|Any CPU
		{3A2403CC-6213-4B2F-A397-F5EB61100E5A}.Debug|Any CPU.Build.0 = Debug|Any CPU
		{3A2403CC-6213-4B2F-A397-F5EB61100E5A}.Release|Any CPU.ActiveCfg = Release|Any CPU
		{3A2403CC-6213-4B2F-A397-F5EB61100E5A}.Release|Any CPU.Build.0 = Release|Any CPU
		{BB5C2547-469A-49BD-8E48-C2039ADEF1FA}.Debug|Any CPU.ActiveCfg = Debug|Any CPU
		{BB5C2547-469A-49BD-8E48-C2039ADEF1FA}.Debug|Any CPU.Build.0 = Debug|Any CPU
		{BB5C2547-469A-49BD-8E48-C2039ADEF1FA}.Release|Any CPU.ActiveCfg = Release|Any CPU
		{BB5C2547-469A-49BD-8E48-C2039ADEF1FA}.Release|Any CPU.Build.0 = Release|Any CPU
		{5390D2AA-F8C4-4A36-AE0A-70090BA424D7}.Debug|Any CPU.ActiveCfg = Debug|Any CPU
		{5390D2AA-F8C4-4A36-AE0A-70090BA424D7}.Debug|Any CPU.Build.0 = Debug|Any CPU
		{5390D2AA-F8C4-4A36-AE0A-70090BA424D7}.Release|Any CPU.ActiveCfg = Release|Any CPU
		{5390D2AA-F8C4-4A36-AE0A-70090BA424D7}.Release|Any CPU.Build.0 = Release|Any CPU
		{212D1DAE-F04D-4E4E-9395-A37F1BC4D242}.Debug|Any CPU.ActiveCfg = Debug|Any CPU
		{212D1DAE-F04D-4E4E-9395-A37F1BC4D242}.Debug|Any CPU.Build.0 = Debug|Any CPU
		{212D1DAE-F04D-4E4E-9395-A37F1BC4D242}.Release|Any CPU.ActiveCfg = Release|Any CPU
		{212D1DAE-F04D-4E4E-9395-A37F1BC4D242}.Release|Any CPU.Build.0 = Release|Any CPU
		{0EE3CAA8-12CF-4108-B011-0BE83BD28258}.Debug|Any CPU.ActiveCfg = Debug|Any CPU
		{0EE3CAA8-12CF-4108-B011-0BE83BD28258}.Debug|Any CPU.Build.0 = Debug|Any CPU
		{0EE3CAA8-12CF-4108-B011-0BE83BD28258}.Release|Any CPU.ActiveCfg = Release|Any CPU
		{0EE3CAA8-12CF-4108-B011-0BE83BD28258}.Release|Any CPU.Build.0 = Release|Any CPU
		{E5ED75EF-DF0D-4736-9CF8-C41BDC358709}.Debug|Any CPU.ActiveCfg = Debug|Any CPU
		{E5ED75EF-DF0D-4736-9CF8-C41BDC358709}.Debug|Any CPU.Build.0 = Debug|Any CPU
		{E5ED75EF-DF0D-4736-9CF8-C41BDC358709}.Release|Any CPU.ActiveCfg = Release|Any CPU
		{E5ED75EF-DF0D-4736-9CF8-C41BDC358709}.Release|Any CPU.Build.0 = Release|Any CPU
		{BCCEBCF2-0B2C-4F9E-A12E-3D76612A1B84}.Debug|Any CPU.ActiveCfg = Debug|Any CPU
		{BCCEBCF2-0B2C-4F9E-A12E-3D76612A1B84}.Debug|Any CPU.Build.0 = Debug|Any CPU
		{BCCEBCF2-0B2C-4F9E-A12E-3D76612A1B84}.Release|Any CPU.ActiveCfg = Release|Any CPU
		{BCCEBCF2-0B2C-4F9E-A12E-3D76612A1B84}.Release|Any CPU.Build.0 = Release|Any CPU
		{37ACF1FD-043D-4852-B980-A8023F9A31A9}.Debug|Any CPU.ActiveCfg = Debug|Any CPU
		{37ACF1FD-043D-4852-B980-A8023F9A31A9}.Debug|Any CPU.Build.0 = Debug|Any CPU
		{37ACF1FD-043D-4852-B980-A8023F9A31A9}.Release|Any CPU.ActiveCfg = Release|Any CPU
		{37ACF1FD-043D-4852-B980-A8023F9A31A9}.Release|Any CPU.Build.0 = Release|Any CPU
		{FE534761-1EA1-4D87-9E14-8C9428C847ED}.Debug|Any CPU.ActiveCfg = Debug|Any CPU
		{FE534761-1EA1-4D87-9E14-8C9428C847ED}.Debug|Any CPU.Build.0 = Debug|Any CPU
		{FE534761-1EA1-4D87-9E14-8C9428C847ED}.Release|Any CPU.ActiveCfg = Release|Any CPU
		{FE534761-1EA1-4D87-9E14-8C9428C847ED}.Release|Any CPU.Build.0 = Release|Any CPU
		{4B586E6E-3FB4-419D-8541-0A94A4FF4F30}.Debug|Any CPU.ActiveCfg = Debug|Any CPU
		{4B586E6E-3FB4-419D-8541-0A94A4FF4F30}.Debug|Any CPU.Build.0 = Debug|Any CPU
		{4B586E6E-3FB4-419D-8541-0A94A4FF4F30}.Release|Any CPU.ActiveCfg = Release|Any CPU
		{4B586E6E-3FB4-419D-8541-0A94A4FF4F30}.Release|Any CPU.Build.0 = Release|Any CPU
		{026DE207-FC60-48EA-9C9C-5D33870CDE8A}.Debug|Any CPU.ActiveCfg = Debug|Any CPU
		{026DE207-FC60-48EA-9C9C-5D33870CDE8A}.Debug|Any CPU.Build.0 = Debug|Any CPU
		{026DE207-FC60-48EA-9C9C-5D33870CDE8A}.Release|Any CPU.ActiveCfg = Release|Any CPU
		{026DE207-FC60-48EA-9C9C-5D33870CDE8A}.Release|Any CPU.Build.0 = Release|Any CPU
	EndGlobalSection
	GlobalSection(NestedProjects) = preSolution
		{212D1DAE-F04D-4E4E-9395-A37F1BC4D242} = {615996A6-EFAD-4673-B4F7-F8322B269DD8}
		{0EE3CAA8-12CF-4108-B011-0BE83BD28258} = {615996A6-EFAD-4673-B4F7-F8322B269DD8}
		{3A2403CC-6213-4B2F-A397-F5EB61100E5A} = {C4DD4DC1-8D7B-42AD-93B2-50B3427994FD}
		{BB5C2547-469A-49BD-8E48-C2039ADEF1FA} = {C4DD4DC1-8D7B-42AD-93B2-50B3427994FD}
		{BCCEBCF2-0B2C-4F9E-A12E-3D76612A1B84} = {F73E19A5-A63E-49B5-B540-133FF56D29DC}
		{37ACF1FD-043D-4852-B980-A8023F9A31A9} = {F73E19A5-A63E-49B5-B540-133FF56D29DC}
		{FE534761-1EA1-4D87-9E14-8C9428C847ED} = {E30C2BF2-787F-4F22-9516-8A1B8F107DAC}
		{4B586E6E-3FB4-419D-8541-0A94A4FF4F30} = {F73E19A5-A63E-49B5-B540-133FF56D29DC}
		{026DE207-FC60-48EA-9C9C-5D33870CDE8A} = {F73E19A5-A63E-49B5-B540-133FF56D29DC}
	EndGlobalSection
EndGlobal
